
Microsoft Visual Studio Solution File, Format Version 12.00
# Visual Studio Version 17
VisualStudioVersion = 17.6.33723.286
MinimumVisualStudioVersion = 10.0.40219.1
Project("{9A19103F-16F7-4668-BE54-9A1E7A4F7556}") = "CsvAdapter", "Adapters\CsvAdapter\CsvAdapter.csproj", "{99F3400B-0136-4CB4-84A1-B710A2452082}"
EndProject
Project("{2150E333-8FDC-42A3-9474-1A3956D46DE8}") = "src", "src", "{EA96E015-49F2-476D-A33B-9435B07B7114}"
EndProject
Project("{FAE04EC0-301F-11D3-BF4B-00C04F79EFBC}") = "XmlAdapter", "Adapters\XmlAdapter\XmlAdapter.csproj", "{78873D9F-955D-4B2F-8696-A89BC758D52F}"
EndProject
Project("{FAE04EC0-301F-11D3-BF4B-00C04F79EFBC}") = "EmailAdapter", "Adapters\EmailAdapter\EmailAdapter.csproj", "{9529268C-5F22-443D-BBC2-441F07D793B4}"
EndProject
Project("{2150E333-8FDC-42A3-9474-1A3956D46DE8}") = "Adapters", "Adapters", "{2BDBDC48-DA71-4CAB-80CC-0D0CC2BFB93E}"
EndProject
Project("{2150E333-8FDC-42A3-9474-1A3956D46DE8}") = "Producer", "Producer", "{94C277A6-836B-466E-BE39-D5E7A4305A9B}"
EndProject
Project("{2150E333-8FDC-42A3-9474-1A3956D46DE8}") = "Publisher", "Publisher", "{16F03D53-D309-4D55-8F36-FD9FCA80ABD1}"
EndProject
Project("{FAE04EC0-301F-11D3-BF4B-00C04F79EFBC}") = "PublisherService", "PublisherService\PublisherService.csproj", "{BF33428B-9E19-48BC-A001-864F4401CA09}"
EndProject
Project("{FAE04EC0-301F-11D3-BF4B-00C04F79EFBC}") = "ProducerService", "ProducerService\ProducerService.csproj", "{C8CEE073-F88F-4C11-ADDD-87C91F0B8C93}"
EndProject
Project("{FAE04EC0-301F-11D3-BF4B-00C04F79EFBC}") = "Adapter.Common", "Adapter.Common\Adapter.Common.csproj", "{76AEA5CA-FA75-46D4-B2B9-ECD90196079B}"
EndProject
Project("{FAE04EC0-301F-11D3-BF4B-00C04F79EFBC}") = "Adapter.Common.Models", "Adapter.Common.Models\Adapter.Common.Models.csproj", "{B6CA0F07-3DE9-45A3-A420-45F3350DE5EB}"
EndProject
Global
	GlobalSection(SolutionConfigurationPlatforms) = preSolution
		Debug|Any CPU = Debug|Any CPU
		Release|Any CPU = Release|Any CPU
	EndGlobalSection
	GlobalSection(ProjectConfigurationPlatforms) = postSolution
		{99F3400B-0136-4CB4-84A1-B710A2452082}.Debug|Any CPU.ActiveCfg = Debug|Any CPU
		{99F3400B-0136-4CB4-84A1-B710A2452082}.Debug|Any CPU.Build.0 = Debug|Any CPU
		{99F3400B-0136-4CB4-84A1-B710A2452082}.Release|Any CPU.ActiveCfg = Release|Any CPU
		{99F3400B-0136-4CB4-84A1-B710A2452082}.Release|Any CPU.Build.0 = Release|Any CPU
		{78873D9F-955D-4B2F-8696-A89BC758D52F}.Debug|Any CPU.ActiveCfg = Debug|Any CPU
		{78873D9F-955D-4B2F-8696-A89BC758D52F}.Debug|Any CPU.Build.0 = Debug|Any CPU
		{78873D9F-955D-4B2F-8696-A89BC758D52F}.Release|Any CPU.ActiveCfg = Release|Any CPU
		{78873D9F-955D-4B2F-8696-A89BC758D52F}.Release|Any CPU.Build.0 = Release|Any CPU
		{9529268C-5F22-443D-BBC2-441F07D793B4}.Debug|Any CPU.ActiveCfg = Debug|Any CPU
		{9529268C-5F22-443D-BBC2-441F07D793B4}.Debug|Any CPU.Build.0 = Debug|Any CPU
		{9529268C-5F22-443D-BBC2-441F07D793B4}.Release|Any CPU.ActiveCfg = Release|Any CPU
		{9529268C-5F22-443D-BBC2-441F07D793B4}.Release|Any CPU.Build.0 = Release|Any CPU
		{BF33428B-9E19-48BC-A001-864F4401CA09}.Debug|Any CPU.ActiveCfg = Debug|Any CPU
		{BF33428B-9E19-48BC-A001-864F4401CA09}.Debug|Any CPU.Build.0 = Debug|Any CPU
		{BF33428B-9E19-48BC-A001-864F4401CA09}.Release|Any CPU.ActiveCfg = Release|Any CPU
		{BF33428B-9E19-48BC-A001-864F4401CA09}.Release|Any CPU.Build.0 = Release|Any CPU
		{C8CEE073-F88F-4C11-ADDD-87C91F0B8C93}.Debug|Any CPU.ActiveCfg = Debug|Any CPU
		{C8CEE073-F88F-4C11-ADDD-87C91F0B8C93}.Debug|Any CPU.Build.0 = Debug|Any CPU
		{C8CEE073-F88F-4C11-ADDD-87C91F0B8C93}.Release|Any CPU.ActiveCfg = Release|Any CPU
		{C8CEE073-F88F-4C11-ADDD-87C91F0B8C93}.Release|Any CPU.Build.0 = Release|Any CPU
		{76AEA5CA-FA75-46D4-B2B9-ECD90196079B}.Debug|Any CPU.ActiveCfg = Debug|Any CPU
		{76AEA5CA-FA75-46D4-B2B9-ECD90196079B}.Debug|Any CPU.Build.0 = Debug|Any CPU
		{76AEA5CA-FA75-46D4-B2B9-ECD90196079B}.Release|Any CPU.ActiveCfg = Release|Any CPU
		{76AEA5CA-FA75-46D4-B2B9-ECD90196079B}.Release|Any CPU.Build.0 = Release|Any CPU
		{B6CA0F07-3DE9-45A3-A420-45F3350DE5EB}.Debug|Any CPU.ActiveCfg = Debug|Any CPU
		{B6CA0F07-3DE9-45A3-A420-45F3350DE5EB}.Debug|Any CPU.Build.0 = Debug|Any CPU
		{B6CA0F07-3DE9-45A3-A420-45F3350DE5EB}.Release|Any CPU.ActiveCfg = Release|Any CPU
		{B6CA0F07-3DE9-45A3-A420-45F3350DE5EB}.Release|Any CPU.Build.0 = Release|Any CPU
	EndGlobalSection
	GlobalSection(SolutionProperties) = preSolution
		HideSolutionNode = FALSE
	EndGlobalSection
	GlobalSection(NestedProjects) = preSolution
		{99F3400B-0136-4CB4-84A1-B710A2452082} = {2BDBDC48-DA71-4CAB-80CC-0D0CC2BFB93E}
		{78873D9F-955D-4B2F-8696-A89BC758D52F} = {2BDBDC48-DA71-4CAB-80CC-0D0CC2BFB93E}
		{9529268C-5F22-443D-BBC2-441F07D793B4} = {2BDBDC48-DA71-4CAB-80CC-0D0CC2BFB93E}
		{2BDBDC48-DA71-4CAB-80CC-0D0CC2BFB93E} = {EA96E015-49F2-476D-A33B-9435B07B7114}
		{94C277A6-836B-466E-BE39-D5E7A4305A9B} = {EA96E015-49F2-476D-A33B-9435B07B7114}
		{16F03D53-D309-4D55-8F36-FD9FCA80ABD1} = {EA96E015-49F2-476D-A33B-9435B07B7114}
		{BF33428B-9E19-48BC-A001-864F4401CA09} = {16F03D53-D309-4D55-8F36-FD9FCA80ABD1}
		{C8CEE073-F88F-4C11-ADDD-87C91F0B8C93} = {94C277A6-836B-466E-BE39-D5E7A4305A9B}
		{76AEA5CA-FA75-46D4-B2B9-ECD90196079B} = {EA96E015-49F2-476D-A33B-9435B07B7114}
		{B6CA0F07-3DE9-45A3-A420-45F3350DE5EB} = {EA96E015-49F2-476D-A33B-9435B07B7114}
	EndGlobalSection
	GlobalSection(ExtensibilityGlobals) = postSolution
		SolutionGuid = {E13EE1CC-041B-4B4A-9670-43FFA3188904}
	EndGlobalSection
EndGlobal
